// !$*UTF8*$!
{
	archiveVersion = 1;
	classes = {
	};
	objectVersion = 50;
	objects = {

/* Begin PBXBuildFile section */
		7523C051249E2352004E8AFE /* CustomImageView.swift in Sources */ = {isa = PBXBuildFile; fileRef = 7523C050249E2352004E8AFE /* CustomImageView.swift */; };
		75A3A32F249D515B0058D799 /* AppDelegate.swift in Sources */ = {isa = PBXBuildFile; fileRef = 75A3A32E249D515B0058D799 /* AppDelegate.swift */; };
		75A3A331249D515B0058D799 /* SceneDelegate.swift in Sources */ = {isa = PBXBuildFile; fileRef = 75A3A330249D515B0058D799 /* SceneDelegate.swift */; };
		75A3A338249D51660058D799 /* Assets.xcassets in Resources */ = {isa = PBXBuildFile; fileRef = 75A3A337249D51660058D799 /* Assets.xcassets */; };
		75A3A33B249D51660058D799 /* LaunchScreen.storyboard in Resources */ = {isa = PBXBuildFile; fileRef = 75A3A339249D51660058D799 /* LaunchScreen.storyboard */; };
		75A3A347249D53B40058D799 /* MovieTableViewCell.swift in Sources */ = {isa = PBXBuildFile; fileRef = 75A3A346249D53B40058D799 /* MovieTableViewCell.swift */; };
		75A3A349249D53C70058D799 /* Movie.swift in Sources */ = {isa = PBXBuildFile; fileRef = 75A3A348249D53C70058D799 /* Movie.swift */; };
		75A3A34B249D53DB0058D799 /* DataBase.swift in Sources */ = {isa = PBXBuildFile; fileRef = 75A3A34A249D53DB0058D799 /* DataBase.swift */; };
		75A3A34C249D55990058D799 /* MainViewController.swift in Sources */ = {isa = PBXBuildFile; fileRef = 75A3A332249D515B0058D799 /* MainViewController.swift */; };
		75A3A34E249D7A6B0058D799 /* ChosenMovieViewController.swift in Sources */ = {isa = PBXBuildFile; fileRef = 75A3A34D249D7A6A0058D799 /* ChosenMovieViewController.swift */; };
		75A3A34F249D7BD20058D799 /* Main.storyboard in Resources */ = {isa = PBXBuildFile; fileRef = 75A3A334249D515B0058D799 /* Main.storyboard */; };
/* End PBXBuildFile section */

/* Begin PBXFileReference section */
		7523C050249E2352004E8AFE /* CustomImageView.swift */ = {isa = PBXFileReference; lastKnownFileType = sourcecode.swift; path = CustomImageView.swift; sourceTree = "<group>"; };
		75A3A32B249D515B0058D799 /* The Movie DB.app */ = {isa = PBXFileReference; explicitFileType = wrapper.application; includeInIndex = 0; path = "The Movie DB.app"; sourceTree = BUILT_PRODUCTS_DIR; };
		75A3A32E249D515B0058D799 /* AppDelegate.swift */ = {isa = PBXFileReference; lastKnownFileType = sourcecode.swift; path = AppDelegate.swift; sourceTree = "<group>"; };
		75A3A330249D515B0058D799 /* SceneDelegate.swift */ = {isa = PBXFileReference; lastKnownFileType = sourcecode.swift; path = SceneDelegate.swift; sourceTree = "<group>"; };
		75A3A332249D515B0058D799 /* MainViewController.swift */ = {isa = PBXFileReference; lastKnownFileType = sourcecode.swift; path = MainViewController.swift; sourceTree = "<group>"; };
		75A3A335249D515B0058D799 /* Base */ = {isa = PBXFileReference; lastKnownFileType = file.storyboard; name = Base; path = Base.lproj/Main.storyboard; sourceTree = "<group>"; };
		75A3A337249D51660058D799 /* Assets.xcassets */ = {isa = PBXFileReference; lastKnownFileType = folder.assetcatalog; path = Assets.xcassets; sourceTree = "<group>"; };
		75A3A33A249D51660058D799 /* Base */ = {isa = PBXFileReference; lastKnownFileType = file.storyboard; name = Base; path = Base.lproj/LaunchScreen.storyboard; sourceTree = "<group>"; };
		75A3A33C249D51660058D799 /* Info.plist */ = {isa = PBXFileReference; lastKnownFileType = text.plist.xml; path = Info.plist; sourceTree = "<group>"; };
		75A3A346249D53B40058D799 /* MovieTableViewCell.swift */ = {isa = PBXFileReference; lastKnownFileType = sourcecode.swift; path = MovieTableViewCell.swift; sourceTree = "<group>"; };
		75A3A348249D53C70058D799 /* Movie.swift */ = {isa = PBXFileReference; lastKnownFileType = sourcecode.swift; path = Movie.swift; sourceTree = "<group>"; };
		75A3A34A249D53DB0058D799 /* DataBase.swift */ = {isa = PBXFileReference; lastKnownFileType = sourcecode.swift; path = DataBase.swift; sourceTree = "<group>"; };
		75A3A34D249D7A6A0058D799 /* ChosenMovieViewController.swift */ = {isa = PBXFileReference; lastKnownFileType = sourcecode.swift; path = ChosenMovieViewController.swift; sourceTree = "<group>"; };
/* End PBXFileReference section */

/* Begin PBXFrameworksBuildPhase section */
		75A3A328249D515A0058D799 /* Frameworks */ = {
			isa = PBXFrameworksBuildPhase;
			buildActionMask = 2147483647;
			files = (
			);
			runOnlyForDeploymentPostprocessing = 0;
		};
/* End PBXFrameworksBuildPhase section */

/* Begin PBXGroup section */
		75A3A322249D515A0058D799 = {
			isa = PBXGroup;
			children = (
				75A3A32D249D515B0058D799 /* The Movie DB */,
				75A3A32C249D515B0058D799 /* Products */,
			);
			sourceTree = "<group>";
		};
		75A3A32C249D515B0058D799 /* Products */ = {
			isa = PBXGroup;
			children = (
				75A3A32B249D515B0058D799 /* The Movie DB.app */,
			);
			name = Products;
			sourceTree = "<group>";
		};
		75A3A32D249D515B0058D799 /* The Movie DB */ = {
			isa = PBXGroup;
			children = (
				75A3A344249D52F70058D799 /* Model */,
				75A3A343249D52EA0058D799 /* Controllers */,
				75A3A345249D52FC0058D799 /* Views */,
				75A3A342249D52DC0058D799 /* Supporting Files */,
				75A3A32E249D515B0058D799 /* AppDelegate.swift */,
				75A3A330249D515B0058D799 /* SceneDelegate.swift */,
				75A3A33C249D51660058D799 /* Info.plist */,
			);
			path = "The Movie DB";
			sourceTree = "<group>";
		};
		75A3A342249D52DC0058D799 /* Supporting Files */ = {
			isa = PBXGroup;
			children = (
				75A3A337249D51660058D799 /* Assets.xcassets */,
				75A3A339249D51660058D799 /* LaunchScreen.storyboard */,
			);
			path = "Supporting Files";
			sourceTree = "<group>";
		};
		75A3A343249D52EA0058D799 /* Controllers */ = {
			isa = PBXGroup;
			children = (
				75A3A332249D515B0058D799 /* MainViewController.swift */,
				75A3A34D249D7A6A0058D799 /* ChosenMovieViewController.swift */,
			);
			path = Controllers;
			sourceTree = "<group>";
		};
		75A3A344249D52F70058D799 /* Model */ = {
			isa = PBXGroup;
			children = (
				75A3A34A249D53DB0058D799 /* DataBase.swift */,
				75A3A348249D53C70058D799 /* Movie.swift */,
				7523C050249E2352004E8AFE /* CustomImageView.swift */,
			);
			path = Model;
			sourceTree = "<group>";
		};
		75A3A345249D52FC0058D799 /* Views */ = {
			isa = PBXGroup;
			children = (
				75A3A334249D515B0058D799 /* Main.storyboard */,
				75A3A346249D53B40058D799 /* MovieTableViewCell.swift */,
			);
			path = Views;
			sourceTree = "<group>";
		};
/* End PBXGroup section */

/* Begin PBXNativeTarget section */
		75A3A32A249D515A0058D799 /* The Movie DB */ = {
			isa = PBXNativeTarget;
			buildConfigurationList = 75A3A33F249D51660058D799 /* Build configuration list for PBXNativeTarget "The Movie DB" */;
			buildPhases = (
				75A3A327249D515A0058D799 /* Sources */,
				75A3A328249D515A0058D799 /* Frameworks */,
				75A3A329249D515A0058D799 /* Resources */,
			);
			buildRules = (
			);
			dependencies = (
			);
			name = "The Movie DB";
			productName = "The Movie DB";
			productReference = 75A3A32B249D515B0058D799 /* The Movie DB.app */;
			productType = "com.apple.product-type.application";
		};
/* End PBXNativeTarget section */

/* Begin PBXProject section */
		75A3A323249D515A0058D799 /* Project object */ = {
			isa = PBXProject;
			attributes = {
				LastSwiftUpdateCheck = 1140;
				LastUpgradeCheck = 1140;
				ORGANIZATIONNAME = Raz;
				TargetAttributes = {
					75A3A32A249D515A0058D799 = {
						CreatedOnToolsVersion = 11.4.1;
					};
				};
			};
			buildConfigurationList = 75A3A326249D515A0058D799 /* Build configuration list for PBXProject "The Movie DB" */;
			compatibilityVersion = "Xcode 9.3";
			developmentRegion = en;
			hasScannedForEncodings = 0;
			knownRegions = (
				en,
				Base,
			);
			mainGroup = 75A3A322249D515A0058D799;
			productRefGroup = 75A3A32C249D515B0058D799 /* Products */;
			projectDirPath = "";
			projectRoot = "";
			targets = (
				75A3A32A249D515A0058D799 /* The Movie DB */,
			);
		};
/* End PBXProject section */

/* Begin PBXResourcesBuildPhase section */
		75A3A329249D515A0058D799 /* Resources */ = {
			isa = PBXResourcesBuildPhase;
			buildActionMask = 2147483647;
			files = (
				75A3A34F249D7BD20058D799 /* Main.storyboard in Resources */,
				75A3A33B249D51660058D799 /* LaunchScreen.storyboard in Resources */,
				75A3A338249D51660058D799 /* Assets.xcassets in Resources */,
			);
			runOnlyForDeploymentPostprocessing = 0;
		};
/* End PBXResourcesBuildPhase section */

/* Begin PBXSourcesBuildPhase section */
		75A3A327249D515A0058D799 /* Sources */ = {
			isa = PBXSourcesBuildPhase;
			buildActionMask = 2147483647;
			files = (
				75A3A34C249D55990058D799 /* MainViewController.swift in Sources */,
				7523C051249E2352004E8AFE /* CustomImageView.swift in Sources */,
				75A3A32F249D515B0058D799 /* AppDelegate.swift in Sources */,
				75A3A347249D53B40058D799 /* MovieTableViewCell.swift in Sources */,
				75A3A331249D515B0058D799 /* SceneDelegate.swift in Sources */,
				75A3A34E249D7A6B0058D799 /* ChosenMovieViewController.swift in Sources */,
				75A3A34B249D53DB0058D799 /* DataBase.swift in Sources */,
				75A3A349249D53C70058D799 /* Movie.swift in Sources */,
			);
			runOnlyForDeploymentPostprocessing = 0;
		};
/* End PBXSourcesBuildPhase section */

/* Begin PBXVariantGroup section */
		75A3A334249D515B0058D799 /* Main.storyboard */ = {
			isa = PBXVariantGroup;
			children = (
				75A3A335249D515B0058D799 /* Base */,
			);
			name = Main.storyboard;
			sourceTree = "<group>";
		};
		75A3A339249D51660058D799 /* LaunchScreen.storyboard */ = {
			isa = PBXVariantGroup;
			children = (
				75A3A33A249D51660058D799 /* Base */,
			);
			name = LaunchScreen.storyboard;
			sourceTree = "<group>";
		};
/* End PBXVariantGroup section */

/* Begin XCBuildConfiguration section */
		75A3A33D249D51660058D799 /* Debug */ = {
			isa = XCBuildConfiguration;
			buildSettings = {
				ALWAYS_SEARCH_USER_PATHS = NO;
				CLANG_ANALYZER_NONNULL = YES;
				CLANG_ANALYZER_NUMBER_OBJECT_CONVERSION = YES_AGGRESSIVE;
				CLANG_CXX_LANGUAGE_STANDARD = "gnu++14";
				CLANG_CXX_LIBRARY = "libc++";
				CLANG_ENABLE_MODULES = YES;
				CLANG_ENABLE_OBJC_ARC = YES;
				CLANG_ENABLE_OBJC_WEAK = YES;
				CLANG_WARN_BLOCK_CAPTURE_AUTORELEASING = YES;
				CLANG_WARN_BOOL_CONVERSION = YES;
				CLANG_WARN_COMMA = YES;
				CLANG_WARN_CONSTANT_CONVERSION = YES;
				CLANG_WARN_DEPRECATED_OBJC_IMPLEMENTATIONS = YES;
				CLANG_WARN_DIRECT_OBJC_ISA_USAGE = YES_ERROR;
				CLANG_WARN_DOCUMENTATION_COMMENTS = YES;
				CLANG_WARN_EMPTY_BODY = YES;
				CLANG_WARN_ENUM_CONVERSION = YES;
				CLANG_WARN_INFINITE_RECURSION = YES;
				CLANG_WARN_INT_CONVERSION = YES;
				CLANG_WARN_NON_LITERAL_NULL_CONVERSION = YES;
				CLANG_WARN_OBJC_IMPLICIT_RETAIN_SELF = YES;
				CLANG_WARN_OBJC_LITERAL_CONVERSION = YES;
				CLANG_WARN_OBJC_ROOT_CLASS = YES_ERROR;
				CLANG_WARN_RANGE_LOOP_ANALYSIS = YES;
				CLANG_WARN_STRICT_PROTOTYPES = YES;
				CLANG_WARN_SUSPICIOUS_MOVE = YES;
				CLANG_WARN_UNGUARDED_AVAILABILITY = YES_AGGRESSIVE;
				CLANG_WARN_UNREACHABLE_CODE = YES;
				CLANG_WARN__DUPLICATE_METHOD_MATCH = YES;
				COPY_PHASE_STRIP = NO;
				DEBUG_INFORMATION_FORMAT = dwarf;
				ENABLE_STRICT_OBJC_MSGSEND = YES;
				ENABLE_TESTABILITY = YES;
				GCC_C_LANGUAGE_STANDARD = gnu11;
				GCC_DYNAMIC_NO_PIC = NO;
				GCC_NO_COMMON_BLOCKS = YES;
				GCC_OPTIMIZATION_LEVEL = 0;
				GCC_PREPROCESSOR_DEFINITIONS = (
					"DEBUG=1",
					"$(inherited)",
				);
				GCC_WARN_64_TO_32_BIT_CONVERSION = YES;
				GCC_WARN_ABOUT_RETURN_TYPE = YES_ERROR;
				GCC_WARN_UNDECLARED_SELECTOR = YES;
				GCC_WARN_UNINITIALIZED_AUTOS = YES_AGGRESSIVE;
				GCC_WARN_UNUSED_FUNCTION = YES;
				GCC_WARN_UNUSED_VARIABLE = YES;
				IPHONEOS_DEPLOYMENT_TARGET = 13.4;
				MTL_ENABLE_DEBUG_INFO = INCLUDE_SOURCE;
				MTL_FAST_MATH = YES;
				ONLY_ACTIVE_ARCH = YES;
				SDKROOT = iphoneos;
				SWIFT_ACTIVE_COMPILATION_CONDITIONS = DEBUG;
				SWIFT_OPTIMIZATION_LEVEL = "-Onone";
			};
			name = Debug;
		};
		75A3A33E249D51660058D799 /* Release */ = {
			isa = XCBuildConfiguration;
			buildSettings = {
				ALWAYS_SEARCH_USER_PATHS = NO;
				CLANG_ANALYZER_NONNULL = YES;
				CLANG_ANALYZER_NUMBER_OBJECT_CONVERSION = YES_AGGRESSIVE;
				CLANG_CXX_LANGUAGE_STANDARD = "gnu++14";
				CLANG_CXX_LIBRARY = "libc++";
				CLANG_ENABLE_MODULES = YES;
				CLANG_ENABLE_OBJC_ARC = YES;
				CLANG_ENABLE_OBJC_WEAK = YES;
				CLANG_WARN_BLOCK_CAPTURE_AUTORELEASING = YES;
				CLANG_WARN_BOOL_CONVERSION = YES;
				CLANG_WARN_COMMA = YES;
				CLANG_WARN_CONSTANT_CONVERSION = YES;
				CLANG_WARN_DEPRECATED_OBJC_IMPLEMENTATIONS = YES;
				CLANG_WARN_DIRECT_OBJC_ISA_USAGE = YES_ERROR;
				CLANG_WARN_DOCUMENTATION_COMMENTS = YES;
				CLANG_WARN_EMPTY_BODY = YES;
				CLANG_WARN_ENUM_CONVERSION = YES;
				CLANG_WARN_INFINITE_RECURSION = YES;
				CLANG_WARN_INT_CONVERSION = YES;
				CLANG_WARN_NON_LITERAL_NULL_CONVERSION = YES;
				CLANG_WARN_OBJC_IMPLICIT_RETAIN_SELF = YES;
				CLANG_WARN_OBJC_LITERAL_CONVERSION = YES;
				CLANG_WARN_OBJC_ROOT_CLASS = YES_ERROR;
				CLANG_WARN_RANGE_LOOP_ANALYSIS = YES;
				CLANG_WARN_STRICT_PROTOTYPES = YES;
				CLANG_WARN_SUSPICIOUS_MOVE = YES;
				CLANG_WARN_UNGUARDED_AVAILABILITY = YES_AGGRESSIVE;
				CLANG_WARN_UNREACHABLE_CODE = YES;
				CLANG_WARN__DUPLICATE_METHOD_MATCH = YES;
				COPY_PHASE_STRIP = NO;
				DEBUG_INFORMATION_FORMAT = "dwarf-with-dsym";
				ENABLE_NS_ASSERTIONS = NO;
				ENABLE_STRICT_OBJC_MSGSEND = YES;
				GCC_C_LANGUAGE_STANDARD = gnu11;
				GCC_NO_COMMON_BLOCKS = YES;
				GCC_WARN_64_TO_32_BIT_CONVERSION = YES;
				GCC_WARN_ABOUT_RETURN_TYPE = YES_ERROR;
				GCC_WARN_UNDECLARED_SELECTOR = YES;
				GCC_WARN_UNINITIALIZED_AUTOS = YES_AGGRESSIVE;
				GCC_WARN_UNUSED_FUNCTION = YES;
				GCC_WARN_UNUSED_VARIABLE = YES;
				IPHONEOS_DEPLOYMENT_TARGET = 13.4;
				MTL_ENABLE_DEBUG_INFO = NO;
				MTL_FAST_MATH = YES;
				SDKROOT = iphoneos;
				SWIFT_COMPILATION_MODE = wholemodule;
				SWIFT_OPTIMIZATION_LEVEL = "-O";
				VALIDATE_PRODUCT = YES;
			};
			name = Release;
		};
		75A3A340249D51660058D799 /* Debug */ = {
			isa = XCBuildConfiguration;
			buildSettings = {
				ASSETCATALOG_COMPILER_APPICON_NAME = AppIcon;
				CODE_SIGN_STYLE = Automatic;
				DEVELOPMENT_TEAM = ZFUYCZXN86;
				INFOPLIST_FILE = "The Movie DB/Info.plist";
				LD_RUNPATH_SEARCH_PATHS = (
					"$(inherited)",
					"@executable_path/Frameworks",
				);
				PRODUCT_BUNDLE_IDENTIFIER = "com.Raz.The-Movie-DB";
				PRODUCT_NAME = "$(TARGET_NAME)";
				SWIFT_VERSION = 5.0;
				TARGETED_DEVICE_FAMILY = "1,2";
			};
			name = Debug;
		};
		75A3A341249D51660058D799 /* Release */ = {
			isa = XCBuildConfiguration;
			buildSettings = {
				ASSETCATALOG_COMPILER_APPICON_NAME = AppIcon;
				CODE_SIGN_STYLE = Automatic;
				DEVELOPMENT_TEAM = ZFUYCZXN86;
				INFOPLIST_FILE = "The Movie DB/Info.plist";
				LD_RUNPATH_SEARCH_PATHS = (
					"$(inherited)",
					"@executable_path/Frameworks",
				);
				PRODUCT_BUNDLE_IDENTIFIER = "com.Raz.The-Movie-DB";
				PRODUCT_NAME = "$(TARGET_NAME)";
				SWIFT_VERSION = 5.0;
				TARGETED_DEVICE_FAMILY = "1,2";
			};
			name = Release;
		};
/* End XCBuildConfiguration section */

/* Begin XCConfigurationList section */
		75A3A326249D515A0058D799 /* Build configuration list for PBXProject "The Movie DB" */ = {
			isa = XCConfigurationList;
			buildConfigurations = (
				75A3A33D249D51660058D799 /* Debug */,
				75A3A33E249D51660058D799 /* Release */,
			);
			defaultConfigurationIsVisible = 0;
			defaultConfigurationName = Release;
		};
		75A3A33F249D51660058D799 /* Build configuration list for PBXNativeTarget "The Movie DB" */ = {
			isa = XCConfigurationList;
			buildConfigurations = (
				75A3A340249D51660058D799 /* Debug */,
				75A3A341249D51660058D799 /* Release */,
			);
			defaultConfigurationIsVisible = 0;
			defaultConfigurationName = Release;
		};
/* End XCConfigurationList section */
	};
	rootObject = 75A3A323249D515A0058D799 /* Project object */;
}
